
Microsoft Visual Studio Solution File, Format Version 12.00
# Visual Studio Version 16
VisualStudioVersion = 16.0.29215.179
MinimumVisualStudioVersion = 10.0.40219.1
Project("{FAE04EC0-301F-11D3-BF4B-00C04F79EFBC}") = "youtube Downloader 2019", "youtube Downloader 2019\youtube Downloader 2019.csproj", "{13F5F0CF-F5C3-41A0-850D-B5007F1D7664}"
EndProject
Global
	GlobalSection(SolutionConfigurationPlatforms) = preSolution
		Debug|Any CPU = Debug|Any CPU
		Release|Any CPU = Release|Any CPU
	EndGlobalSection
	GlobalSection(ProjectConfigurationPlatforms) = postSolution
		{13F5F0CF-F5C3-41A0-850D-B5007F1D7664}.Debug|Any CPU.ActiveCfg = Debug|Any CPU
		{13F5F0CF-F5C3-41A0-850D-B5007F1D7664}.Debug|Any CPU.Build.0 = Debug|Any CPU
		{13F5F0CF-F5C3-41A0-850D-B5007F1D7664}.Release|Any CPU.ActiveCfg = Release|Any CPU
		{13F5F0CF-F5C3-41A0-850D-B5007F1D7664}.Release|Any CPU.Build.0 = Release|Any CPU
	EndGlobalSection
	GlobalSection(SolutionProperties) = preSolution
		HideSolutionNode = FALSE
	EndGlobalSection
	GlobalSection(ExtensibilityGlobals) = postSolution
		SolutionGuid = {37B0D105-087C-4E9C-AE22-E9C36FB48C48}
	EndGlobalSection
EndGlobal
